<?xml version="1.0" encoding="UTF-8"?>
<CodeBlocks_project_file>
	<FileVersion major="1" minor="6"/>
	<Project>
		<Option title="googletest-distribution"/>
		<Option makefile_is_custom="1"/>
		<Option compiler="gcc"/>
		<Option virtualFolders="CMake Files\;CMake Files\..\;CMake Files\..\lib\;CMake Files\..\lib\googletest\;"/>
		<Build>
			<Target title="all">
				<Option working_dir="/home/damire/space/hash_array_mapped_trie/test/googletests"/>
				<Option type="4"/>
				<MakeCommands>
					<Build command=" -f &quot;/home/damire/space/hash_array_mapped_trie/test/googletests/Makefile&quot;  VERBOSE=1 all"/>
					<CompileFile command=" -f &quot;/home/damire/space/hash_array_mapped_trie/test/googletests/Makefile&quot;  VERBOSE=1 &quot;$file&quot;"/>
					<Clean command=" -f &quot;/home/damire/space/hash_array_mapped_trie/test/googletests/Makefile&quot;  VERBOSE=1 clean"/>
					<DistClean command=" -f &quot;/home/damire/space/hash_array_mapped_trie/test/googletests/Makefile&quot;  VERBOSE=1 clean"/>
				</MakeCommands>
			</Target>
		</Build>
		<Unit filename="/home/damire/space/hash_array_mapped_trie/test/CMakeLists.txt">
			<Option virtualFolder="CMake Files\"/>
		</Unit>
		<Unit filename="/home/damire/space/hash_array_mapped_trie/test/../lib/googletest/CMakeLists.txt">
			<Option virtualFolder="CMake Files\..\lib\googletest\"/>
		</Unit>
	</Project>
</CodeBlocks_project_file>
